
Microsoft Visual Studio Solution File, Format Version 12.00
# Visual Studio Version 17
VisualStudioVersion = 17.1.32210.238
MinimumVisualStudioVersion = 10.0.40219.1
Project("{FAE04EC0-301F-11D3-BF4B-00C04F79EFBC}") = "GUIA", "GUIA\GUIA.csproj", "{CF517D44-E651-4487-89A6-7B1C55E7D3D1}"
EndProject
Global
	GlobalSection(SolutionConfigurationPlatforms) = preSolution
		Debug|Any CPU = Debug|Any CPU
		Release|Any CPU = Release|Any CPU
	EndGlobalSection
	GlobalSection(ProjectConfigurationPlatforms) = postSolution
		{CF517D44-E651-4487-89A6-7B1C55E7D3D1}.Debug|Any CPU.ActiveCfg = Debug|Any CPU
		{CF517D44-E651-4487-89A6-7B1C55E7D3D1}.Debug|Any CPU.Build.0 = Debug|Any CPU
		{CF517D44-E651-4487-89A6-7B1C55E7D3D1}.Release|Any CPU.ActiveCfg = Release|Any CPU
		{CF517D44-E651-4487-89A6-7B1C55E7D3D1}.Release|Any CPU.Build.0 = Release|Any CPU
	EndGlobalSection
	GlobalSection(SolutionProperties) = preSolution
		HideSolutionNode = FALSE
	EndGlobalSection
	GlobalSection(ExtensibilityGlobals) = postSolution
		SolutionGuid = {4FB0505E-1F00-43EC-9639-90D37FC16EC0}
	EndGlobalSection
EndGlobal
